
Microsoft Visual Studio Solution File, Format Version 12.00
# Visual Studio Version 17
VisualStudioVersion = 17.8.34408.163
MinimumVisualStudioVersion = 10.0.40219.1
Project("{FAE04EC0-301F-11D3-BF4B-00C04F79EFBC}") = "1. C#_Practical_Part_Summative_Assessment", "1. C#_Practical_Part_Summative_Assessment.csproj", "{F4FDBAC8-AB42-461F-B339-24EDD1B9630C}"
EndProject
Global
	GlobalSection(SolutionConfigurationPlatforms) = preSolution
		Debug|Any CPU = Debug|Any CPU
		Release|Any CPU = Release|Any CPU
	EndGlobalSection
	GlobalSection(ProjectConfigurationPlatforms) = postSolution
		{F4FDBAC8-AB42-461F-B339-24EDD1B9630C}.Debug|Any CPU.ActiveCfg = Debug|Any CPU
		{F4FDBAC8-AB42-461F-B339-24EDD1B9630C}.Debug|Any CPU.Build.0 = Debug|Any CPU
		{F4FDBAC8-AB42-461F-B339-24EDD1B9630C}.Release|Any CPU.ActiveCfg = Release|Any CPU
		{F4FDBAC8-AB42-461F-B339-24EDD1B9630C}.Release|Any CPU.Build.0 = Release|Any CPU
	EndGlobalSection
	GlobalSection(SolutionProperties) = preSolution
		HideSolutionNode = FALSE
	EndGlobalSection
	GlobalSection(ExtensibilityGlobals) = postSolution
		SolutionGuid = {9162CDDB-B16F-48BB-8ADA-9974155F3C93}
	EndGlobalSection
EndGlobal
